
Microsoft Visual Studio Solution File, Format Version 12.00
# Visual Studio Version 17
VisualStudioVersion = 17.14.36518.9 d17.14
MinimumVisualStudioVersion = 10.0.40219.1
Project("{FAE04EC0-301F-11D3-BF4B-00C04F79EFBC}") = "MarmaladeApp", "MarmaladeApp\MarmaladeApp.csproj", "{CBFF4BFE-295B-45F5-A3B1-57DC35FBC3BD}"
EndProject
Global
	GlobalSection(SolutionConfigurationPlatforms) = preSolution
		Debug|Any CPU = Debug|Any CPU
		Release|Any CPU = Release|Any CPU
	EndGlobalSection
	GlobalSection(ProjectConfigurationPlatforms) = postSolution
		{CBFF4BFE-295B-45F5-A3B1-57DC35FBC3BD}.Debug|Any CPU.ActiveCfg = Debug|Any CPU
		{CBFF4BFE-295B-45F5-A3B1-57DC35FBC3BD}.Debug|Any CPU.Build.0 = Debug|Any CPU
		{CBFF4BFE-295B-45F5-A3B1-57DC35FBC3BD}.Release|Any CPU.ActiveCfg = Release|Any CPU
		{CBFF4BFE-295B-45F5-A3B1-57DC35FBC3BD}.Release|Any CPU.Build.0 = Release|Any CPU
	EndGlobalSection
	GlobalSection(SolutionProperties) = preSolution
		HideSolutionNode = FALSE
	EndGlobalSection
	GlobalSection(ExtensibilityGlobals) = postSolution
		SolutionGuid = {BED8229F-99DB-4349-807C-2FA20708D290}
	EndGlobalSection
EndGlobal
